
Microsoft Visual Studio Solution File, Format Version 12.00
# Visual Studio Version 17
VisualStudioVersion = 17.14.36518.9 d17.14
MinimumVisualStudioVersion = 10.0.40219.1
Project("{FAE04EC0-301F-11D3-BF4B-00C04F79EFBC}") = "3-model-view-controller", "3-model-view-controller.csproj", "{3BBBD7C0-A8DB-4881-ACA3-BC5748304919}"
EndProject
Global
	GlobalSection(SolutionConfigurationPlatforms) = preSolution
		Debug|Any CPU = Debug|Any CPU
		Release|Any CPU = Release|Any CPU
	EndGlobalSection
	GlobalSection(ProjectConfigurationPlatforms) = postSolution
		{3BBBD7C0-A8DB-4881-ACA3-BC5748304919}.Debug|Any CPU.ActiveCfg = Debug|Any CPU
		{3BBBD7C0-A8DB-4881-ACA3-BC5748304919}.Debug|Any CPU.Build.0 = Debug|Any CPU
		{3BBBD7C0-A8DB-4881-ACA3-BC5748304919}.Release|Any CPU.ActiveCfg = Release|Any CPU
		{3BBBD7C0-A8DB-4881-ACA3-BC5748304919}.Release|Any CPU.Build.0 = Release|Any CPU
	EndGlobalSection
	GlobalSection(SolutionProperties) = preSolution
		HideSolutionNode = FALSE
	EndGlobalSection
	GlobalSection(ExtensibilityGlobals) = postSolution
		SolutionGuid = {E1FCEF88-6E88-418A-89DC-A3310850AFDC}
	EndGlobalSection
EndGlobal
